
Microsoft Visual Studio Solution File, Format Version 12.00
# Visual Studio Version 16
VisualStudioVersion = 16.0.30114.105
MinimumVisualStudioVersion = 10.0.40219.1
Project("{FAE04EC0-301F-11D3-BF4B-00C04F79EFBC}") = "Chatty", "Chatty.csproj", "{C56852AA-912C-46D4-A3E6-DE53CF9F69DD}"
EndProject
Global
	GlobalSection(SolutionConfigurationPlatforms) = preSolution
		Debug|Any CPU = Debug|Any CPU
		Release|Any CPU = Release|Any CPU
	EndGlobalSection
	GlobalSection(SolutionProperties) = preSolution
		HideSolutionNode = FALSE
	EndGlobalSection
	GlobalSection(ProjectConfigurationPlatforms) = postSolution
		{C56852AA-912C-46D4-A3E6-DE53CF9F69DD}.Debug|Any CPU.ActiveCfg = Debug|Any CPU
		{C56852AA-912C-46D4-A3E6-DE53CF9F69DD}.Debug|Any CPU.Build.0 = Debug|Any CPU
		{C56852AA-912C-46D4-A3E6-DE53CF9F69DD}.Release|Any CPU.ActiveCfg = Release|Any CPU
		{C56852AA-912C-46D4-A3E6-DE53CF9F69DD}.Release|Any CPU.Build.0 = Release|Any CPU
	EndGlobalSection
EndGlobal
